Microsoft Visual Studio Solution File, Format Version 12.00
# 17
VisualStudioVersion = 17.11.35208.52
MinimumVisualStudioVersion = 10.0.40219.1
Project("{FAE04EC0-301F-11D3-BF4B-00C04F79EFBC}") = "Domain", "Domain\Domain.csproj", "{BD5AC83A-1584-46FE-990F-D2865D7CE786}"
EndProject
Project("{FAE04EC0-301F-11D3-BF4B-00C04F79EFBC}") = "ProbabilitySystemTests", "ProbabilitySystemTests\ProbabilitySystemTests.csproj", "{56408579-35B7-479B-B368-951E4C1B9C55}"
	ProjectSection(ProjectDependencies) = postProject
		{BD5AC83A-1584-46FE-990F-D2865D7CE786} = {BD5AC83A-1584-46FE-990F-D2865D7CE786}
	EndProjectSection
EndProject
Global
	GlobalSection(SolutionConfigurationPlatforms) = preSolution
		Debug|Any CPU = Debug|Any CPU
		Release|Any CPU = Release|Any CPU
	EndGlobalSection
	GlobalSection(ProjectConfigurationPlatforms) = postSolution
		{BD5AC83A-1584-46FE-990F-D2865D7CE786}.Debug|Any CPU.ActiveCfg = Debug|Any CPU
		{BD5AC83A-1584-46FE-990F-D2865D7CE786}.Debug|Any CPU.Build.0 = Debug|Any CPU
		{BD5AC83A-1584-46FE-990F-D2865D7CE786}.Release|Any CPU.ActiveCfg = Release|Any CPU
		{BD5AC83A-1584-46FE-990F-D2865D7CE786}.Release|Any CPU.Build.0 = Release|Any CPU
		{56408579-35B7-479B-B368-951E4C1B9C55}.Debug|Any CPU.ActiveCfg = Debug|Any CPU
		{56408579-35B7-479B-B368-951E4C1B9C55}.Debug|Any CPU.Build.0 = Debug|Any CPU
		{56408579-35B7-479B-B368-951E4C1B9C55}.Release|Any CPU.ActiveCfg = Release|Any CPU
		{56408579-35B7-479B-B368-951E4C1B9C55}.Release|Any CPU.Build.0 = Release|Any CPU
	EndGlobalSection
	GlobalSection(SolutionProperties) = preSolution
		HideSolutionNode = FALSE
	EndGlobalSection
	GlobalSection(ExtensibilityGlobals) = postSolution
		SolutionGuid = {15E7BCE5-3C94-4685-A7AC-24BE7615A887}
	EndGlobalSection
EndGlobal
